{
  "pins" : [
    {
      "identity" : "ziparchive",
      "kind" : "remoteSourceControl",
      "location" : "https://github.com/ZipArchive/ZipArchive",
      "state" : {
        "revision" : "3016df0730fb7daa85d73e29ec9d02851db831ae",
        "version" : "2.5.3"
      }
    }
  ],
  "version" : 2
}
