// !$*UTF8*$!
{
	archiveVersion = 1;
	classes = {
	};
	objectVersion = 56;
	objects = {

/* Begin PBXBuildFile section */
		597F69C6295A5F7400E9DDF3 /* TrollPrepare.m in Sources */ = {isa = PBXBuildFile; fileRef = 597F69C5295A5F7300E9DDF3 /* TrollPrepare.m */; };
		6D4EEB3D2956C1C300FD41F6 /* Assets.xcassets in Resources */ = {isa = PBXBuildFile; fileRef = 6D4EEB2E2956C1C300FD41F6 /* Assets.xcassets */; };
		6D4EEB3E2956C1C300FD41F6 /* ViewController.m in Sources */ = {isa = PBXBuildFile; fileRef = 6D4EEB302956C1C300FD41F6 /* ViewController.m */; };
		6D4EEB3F2956C1C300FD41F6 /* SceneDelegate.m in Sources */ = {isa = PBXBuildFile; fileRef = 6D4EEB312956C1C300FD41F6 /* SceneDelegate.m */; };
		6D4EEB402956C1C300FD41F6 /* LaunchScreen.storyboard in Resources */ = {isa = PBXBuildFile; fileRef = 6D4EEB322956C1C300FD41F6 /* LaunchScreen.storyboard */; };
		6D4EEB412956C1C300FD41F6 /* Main.storyboard in Resources */ = {isa = PBXBuildFile; fileRef = 6D4EEB342956C1C300FD41F6 /* Main.storyboard */; };
		6D4EEB422956C1C300FD41F6 /* main.m in Sources */ = {isa = PBXBuildFile; fileRef = 6D4EEB362956C1C300FD41F6 /* main.m */; };
		6D4EEB442956C1C300FD41F6 /* AppDelegate.m in Sources */ = {isa = PBXBuildFile; fileRef = 6D4EEB382956C1C300FD41F6 /* AppDelegate.m */; };
		6D4EEB452956C1C300FD41F6 /* poc.m in Sources */ = {isa = PBXBuildFile; fileRef = 6D4EEB392956C1C300FD41F6 /* poc.m */; };
		6D76D919295747A900ABC8F4 /* ZipArchive in Frameworks */ = {isa = PBXBuildFile; productRef = 6D76D918295747A900ABC8F4 /* ZipArchive */; };
		6DACDCAA2958C90700725A63 /* trollformation13.png in Resources */ = {isa = PBXBuildFile; fileRef = 6DACDC822958C90100725A63 /* trollformation13.png */; };
		6DACDCAB2958C90700725A63 /* trollformation37.png in Resources */ = {isa = PBXBuildFile; fileRef = 6DACDC832958C90100725A63 /* trollformation37.png */; };
		6DACDCAC2958C90700725A63 /* trollformation12.png in Resources */ = {isa = PBXBuildFile; fileRef = 6DACDC842958C90200725A63 /* trollformation12.png */; };
		6DACDCAD2958C90700725A63 /* trollformation34.png in Resources */ = {isa = PBXBuildFile; fileRef = 6DACDC852958C90200725A63 /* trollformation34.png */; };
		6DACDCAE2958C90700725A63 /* trollformation15.png in Resources */ = {isa = PBXBuildFile; fileRef = 6DACDC862958C90200725A63 /* trollformation15.png */; };
		6DACDCAF2958C90700725A63 /* trollformation16.png in Resources */ = {isa = PBXBuildFile; fileRef = 6DACDC872958C90200725A63 /* trollformation16.png */; };
		6DACDCB02958C90700725A63 /* trollformation17.png in Resources */ = {isa = PBXBuildFile; fileRef = 6DACDC882958C90200725A63 /* trollformation17.png */; };
		6DACDCB12958C90700725A63 /* trollformation4.png in Resources */ = {isa = PBXBuildFile; fileRef = 6DACDC892958C90200725A63 /* trollformation4.png */; };
		6DACDCB22958C90700725A63 /* trollformation27.png in Resources */ = {isa = PBXBuildFile; fileRef = 6DACDC8A2958C90200725A63 /* trollformation27.png */; };
		6DACDCB32958C90700725A63 /* trollformation19.png in Resources */ = {isa = PBXBuildFile; fileRef = 6DACDC8B2958C90300725A63 /* trollformation19.png */; };
		6DACDCB42958C90700725A63 /* trollformation24.png in Resources */ = {isa = PBXBuildFile; fileRef = 6DACDC8C2958C90300725A63 /* trollformation24.png */; };
		6DACDCB52958C90700725A63 /* trollformation5.png in Resources */ = {isa = PBXBuildFile; fileRef = 6DACDC8D2958C90300725A63 /* trollformation5.png */; };
		6DACDCB62958C90700725A63 /* trollformation38.png in Resources */ = {isa = PBXBuildFile; fileRef = 6DACDC8E2958C90300725A63 /* trollformation38.png */; };
		6DACDCB72958C90700725A63 /* trollformation22.png in Resources */ = {isa = PBXBuildFile; fileRef = 6DACDC8F2958C90300725A63 /* trollformation22.png */; };
		6DACDCB82958C90700725A63 /* trollformation40.png in Resources */ = {isa = PBXBuildFile; fileRef = 6DACDC902958C90300725A63 /* trollformation40.png */; };
		6DACDCB92958C90700725A63 /* trollformation3.png in Resources */ = {isa = PBXBuildFile; fileRef = 6DACDC912958C90400725A63 /* trollformation3.png */; };
		6DACDCBA2958C90700725A63 /* trollformation1.png in Resources */ = {isa = PBXBuildFile; fileRef = 6DACDC922958C90400725A63 /* trollformation1.png */; };
		6DACDCBB2958C90700725A63 /* trollformation10.png in Resources */ = {isa = PBXBuildFile; fileRef = 6DACDC932958C90400725A63 /* trollformation10.png */; };
		6DACDCBC2958C90700725A63 /* trollformation2.png in Resources */ = {isa = PBXBuildFile; fileRef = 6DACDC942958C90400725A63 /* trollformation2.png */; };
		6DACDCBD2958C90700725A63 /* trollformation25.png in Resources */ = {isa = PBXBuildFile; fileRef = 6DACDC952958C90400725A63 /* trollformation25.png */; };
		6DACDCBE2958C90700725A63 /* trollformation32.png in Resources */ = {isa = PBXBuildFile; fileRef = 6DACDC962958C90400725A63 /* trollformation32.png */; };
		6DACDCBF2958C90700725A63 /* trollformation6.png in Resources */ = {isa = PBXBuildFile; fileRef = 6DACDC972958C90400725A63 /* trollformation6.png */; };
		6DACDCC02958C90700725A63 /* trollformation39.png in Resources */ = {isa = PBXBuildFile; fileRef = 6DACDC982958C90500725A63 /* trollformation39.png */; };
		6DACDCC12958C90700725A63 /* trollformation35.png in Resources */ = {isa = PBXBuildFile; fileRef = 6DACDC992958C90500725A63 /* trollformation35.png */; };
		6DACDCC22958C90700725A63 /* trollformation9.png in Resources */ = {isa = PBXBuildFile; fileRef = 6DACDC9A2958C90500725A63 /* trollformation9.png */; };
		6DACDCC32958C90700725A63 /* trollformation26.png in Resources */ = {isa = PBXBuildFile; fileRef = 6DACDC9B2958C90500725A63 /* trollformation26.png */; };
		6DACDCC42958C90700725A63 /* trollformation31.png in Resources */ = {isa = PBXBuildFile; fileRef = 6DACDC9C2958C90500725A63 /* trollformation31.png */; };
		6DACDCC52958C90700725A63 /* trollformation11.png in Resources */ = {isa = PBXBuildFile; fileRef = 6DACDC9D2958C90500725A63 /* trollformation11.png */; };
		6DACDCC62958C90700725A63 /* trollformation29.png in Resources */ = {isa = PBXBuildFile; fileRef = 6DACDC9E2958C90500725A63 /* trollformation29.png */; };
		6DACDCC72958C90700725A63 /* trollformation14.png in Resources */ = {isa = PBXBuildFile; fileRef = 6DACDC9F2958C90600725A63 /* trollformation14.png */; };
		6DACDCC82958C90700725A63 /* trollformation33.png in Resources */ = {isa = PBXBuildFile; fileRef = 6DACDCA02958C90600725A63 /* trollformation33.png */; };
		6DACDCC92958C90700725A63 /* trollformation20.png in Resources */ = {isa = PBXBuildFile; fileRef = 6DACDCA12958C90600725A63 /* trollformation20.png */; };
		6DACDCCA2958C90700725A63 /* trollformation23.png in Resources */ = {isa = PBXBuildFile; fileRef = 6DACDCA22958C90600725A63 /* trollformation23.png */; };
		6DACDCCB2958C90700725A63 /* trollformation7.png in Resources */ = {isa = PBXBuildFile; fileRef = 6DACDCA32958C90600725A63 /* trollformation7.png */; };
		6DACDCCC2958C90700725A63 /* trollformation36.png in Resources */ = {isa = PBXBuildFile; fileRef = 6DACDCA42958C90600725A63 /* trollformation36.png */; };
		6DACDCCD2958C90700725A63 /* trollformation30.png in Resources */ = {isa = PBXBuildFile; fileRef = 6DACDCA52958C90700725A63 /* trollformation30.png */; };
		6DACDCCE2958C90700725A63 /* trollformation28.png in Resources */ = {isa = PBXBuildFile; fileRef = 6DACDCA62958C90700725A63 /* trollformation28.png */; };
		6DACDCCF2958C90700725A63 /* trollformation21.png in Resources */ = {isa = PBXBuildFile; fileRef = 6DACDCA72958C90700725A63 /* trollformation21.png */; };
		6DACDCD02958C90700725A63 /* trollformation18.png in Resources */ = {isa = PBXBuildFile; fileRef = 6DACDCA82958C90700725A63 /* trollformation18.png */; };
		6DACDCD12958C90700725A63 /* trollformation8.png in Resources */ = {isa = PBXBuildFile; fileRef = 6DACDCA92958C90700725A63 /* trollformation8.png */; };
/* End PBXBuildFile section */

/* Begin PBXFileReference section */
		597F69C4295A5F7300E9DDF3 /* TrollPrepare.h */ = {isa = PBXFileReference; fileEncoding = 4; lastKnownFileType = sourcecode.c.h; path = TrollPrepare.h; sourceTree = "<group>"; };
		597F69C5295A5F7300E9DDF3 /* TrollPrepare.m */ = {isa = PBXFileReference; fileEncoding = 4; lastKnownFileType = sourcecode.c.objc; path = TrollPrepare.m; sourceTree = "<group>"; };
		6D31A8B729522EEE00A6D3D6 /* TrollLock.app */ = {isa = PBXFileReference; explicitFileType = wrapper.application; includeInIndex = 0; path = TrollLock.app; sourceTree = BUILT_PRODUCTS_DIR; };
		6D4EEB2D2956C1C300FD41F6 /* AppDelegate.h */ = {isa = PBXFileReference; fileEncoding = 4; lastKnownFileType = sourcecode.c.h; path = AppDelegate.h; sourceTree = "<group>"; };
		6D4EEB2E2956C1C300FD41F6 /* Assets.xcassets */ = {isa = PBXFileReference; lastKnownFileType = folder.assetcatalog; path = Assets.xcassets; sourceTree = "<group>"; };
		6D4EEB2F2956C1C300FD41F6 /* poc.h */ = {isa = PBXFileReference; fileEncoding = 4; lastKnownFileType = sourcecode.c.h; path = poc.h; sourceTree = "<group>"; };
		6D4EEB302956C1C300FD41F6 /* ViewController.m */ = {isa = PBXFileReference; fileEncoding = 4; lastKnownFileType = sourcecode.c.objc; path = ViewController.m; sourceTree = "<group>"; wrapsLines = 0; };
		6D4EEB312956C1C300FD41F6 /* SceneDelegate.m */ = {isa = PBXFileReference; fileEncoding = 4; lastKnownFileType = sourcecode.c.objc; path = SceneDelegate.m; sourceTree = "<group>"; };
		6D4EEB332956C1C300FD41F6 /* Base */ = {isa = PBXFileReference; lastKnownFileType = file.storyboard; name = Base; path = Base.lproj/LaunchScreen.storyboard; sourceTree = "<group>"; };
		6D4EEB352956C1C300FD41F6 /* Base */ = {isa = PBXFileReference; lastKnownFileType = file.storyboard; name = Base; path = Base.lproj/Main.storyboard; sourceTree = "<group>"; };
		6D4EEB362956C1C300FD41F6 /* main.m */ = {isa = PBXFileReference; fileEncoding = 4; lastKnownFileType = sourcecode.c.objc; path = main.m; sourceTree = "<group>"; };
		6D4EEB382956C1C300FD41F6 /* AppDelegate.m */ = {isa = PBXFileReference; fileEncoding = 4; lastKnownFileType = sourcecode.c.objc; path = AppDelegate.m; sourceTree = "<group>"; };
		6D4EEB392956C1C300FD41F6 /* poc.m */ = {isa = PBXFileReference; fileEncoding = 4; lastKnownFileType = sourcecode.c.objc; path = poc.m; sourceTree = "<group>"; };
		6D4EEB3A2956C1C300FD41F6 /* Info.plist */ = {isa = PBXFileReference; fileEncoding = 4; lastKnownFileType = text.plist.xml; path = Info.plist; sourceTree = "<group>"; };
		6D4EEB3B2956C1C300FD41F6 /* ViewController.h */ = {isa = PBXFileReference; fileEncoding = 4; lastKnownFileType = sourcecode.c.h; path = ViewController.h; sourceTree = "<group>"; };
		6D4EEB3C2956C1C300FD41F6 /* SceneDelegate.h */ = {isa = PBXFileReference; fileEncoding = 4; lastKnownFileType = sourcecode.c.h; path = SceneDelegate.h; sourceTree = "<group>"; };
		6DACDC822958C90100725A63 /* trollformation13.png */ = {isa = PBXFileReference; lastKnownFileType = image.png; path = trollformation13.png; sourceTree = "<group>"; };
		6DACDC832958C90100725A63 /* trollformation37.png */ = {isa = PBXFileReference; lastKnownFileType = image.png; path = trollformation37.png; sourceTree = "<group>"; };
		6DACDC842958C90200725A63 /* trollformation12.png */ = {isa = PBXFileReference; lastKnownFileType = image.png; path = trollformation12.png; sourceTree = "<group>"; };
		6DACDC852958C90200725A63 /* trollformation34.png */ = {isa = PBXFileReference; lastKnownFileType = image.png; path = trollformation34.png; sourceTree = "<group>"; };
		6DACDC862958C90200725A63 /* trollformation15.png */ = {isa = PBXFileReference; lastKnownFileType = image.png; path = trollformation15.png; sourceTree = "<group>"; };
		6DACDC872958C90200725A63 /* trollformation16.png */ = {isa = PBXFileReference; lastKnownFileType = image.png; path = trollformation16.png; sourceTree = "<group>"; };
		6DACDC882958C90200725A63 /* trollformation17.png */ = {isa = PBXFileReference; lastKnownFileType = image.png; path = trollformation17.png; sourceTree = "<group>"; };
		6DACDC892958C90200725A63 /* trollformation4.png */ = {isa = PBXFileReference; lastKnownFileType = image.png; path = trollformation4.png; sourceTree = "<group>"; };
		6DACDC8A2958C90200725A63 /* trollformation27.png */ = {isa = PBXFileReference; lastKnownFileType = image.png; path = trollformation27.png; sourceTree = "<group>"; };
		6DACDC8B2958C90300725A63 /* trollformation19.png */ = {isa = PBXFileReference; lastKnownFileType = image.png; path = trollformation19.png; sourceTree = "<group>"; };
		6DACDC8C2958C90300725A63 /* trollformation24.png */ = {isa = PBXFileReference; lastKnownFileType = image.png; path = trollformation24.png; sourceTree = "<group>"; };
		6DACDC8D2958C90300725A63 /* trollformation5.png */ = {isa = PBXFileReference; lastKnownFileType = image.png; path = trollformation5.png; sourceTree = "<group>"; };
		6DACDC8E2958C90300725A63 /* trollformation38.png */ = {isa = PBXFileReference; lastKnownFileType = image.png; path = trollformation38.png; sourceTree = "<group>"; };
		6DACDC8F2958C90300725A63 /* trollformation22.png */ = {isa = PBXFileReference; lastKnownFileType = image.png; path = trollformation22.png; sourceTree = "<group>"; };
		6DACDC902958C90300725A63 /* trollformation40.png */ = {isa = PBXFileReference; lastKnownFileType = image.png; path = trollformation40.png; sourceTree = "<group>"; };
		6DACDC912958C90400725A63 /* trollformation3.png */ = {isa = PBXFileReference; lastKnownFileType = image.png; path = trollformation3.png; sourceTree = "<group>"; };
		6DACDC922958C90400725A63 /* trollformation1.png */ = {isa = PBXFileReference; lastKnownFileType = image.png; path = trollformation1.png; sourceTree = "<group>"; };
		6DACDC932958C90400725A63 /* trollformation10.png */ = {isa = PBXFileReference; lastKnownFileType = image.png; path = trollformation10.png; sourceTree = "<group>"; };
		6DACDC942958C90400725A63 /* trollformation2.png */ = {isa = PBXFileReference; lastKnownFileType = image.png; path = trollformation2.png; sourceTree = "<group>"; };
		6DACDC952958C90400725A63 /* trollformation25.png */ = {isa = PBXFileReference; lastKnownFileType = image.png; path = trollformation25.png; sourceTree = "<group>"; };
		6DACDC962958C90400725A63 /* trollformation32.png */ = {isa = PBXFileReference; lastKnownFileType = image.png; path = trollformation32.png; sourceTree = "<group>"; };
		6DACDC972958C90400725A63 /* trollformation6.png */ = {isa = PBXFileReference; lastKnownFileType = image.png; path = trollformation6.png; sourceTree = "<group>"; };
		6DACDC982958C90500725A63 /* trollformation39.png */ = {isa = PBXFileReference; lastKnownFileType = image.png; path = trollformation39.png; sourceTree = "<group>"; };
		6DACDC992958C90500725A63 /* trollformation35.png */ = {isa = PBXFileReference; lastKnownFileType = image.png; path = trollformation35.png; sourceTree = "<group>"; };
		6DACDC9A2958C90500725A63 /* trollformation9.png */ = {isa = PBXFileReference; lastKnownFileType = image.png; path = trollformation9.png; sourceTree = "<group>"; };
		6DACDC9B2958C90500725A63 /* trollformation26.png */ = {isa = PBXFileReference; lastKnownFileType = image.png; path = trollformation26.png; sourceTree = "<group>"; };
		6DACDC9C2958C90500725A63 /* trollformation31.png */ = {isa = PBXFileReference; lastKnownFileType = image.png; path = trollformation31.png; sourceTree = "<group>"; };
		6DACDC9D2958C90500725A63 /* trollformation11.png */ = {isa = PBXFileReference; lastKnownFileType = image.png; path = trollformation11.png; sourceTree = "<group>"; };
		6DACDC9E2958C90500725A63 /* trollformation29.png */ = {isa = PBXFileReference; lastKnownFileType = image.png; path = trollformation29.png; sourceTree = "<group>"; };
		6DACDC9F2958C90600725A63 /* trollformation14.png */ = {isa = PBXFileReference; lastKnownFileType = image.png; path = trollformation14.png; sourceTree = "<group>"; };
		6DACDCA02958C90600725A63 /* trollformation33.png */ = {isa = PBXFileReference; lastKnownFileType = image.png; path = trollformation33.png; sourceTree = "<group>"; };
		6DACDCA12958C90600725A63 /* trollformation20.png */ = {isa = PBXFileReference; lastKnownFileType = image.png; path = trollformation20.png; sourceTree = "<group>"; };
		6DACDCA22958C90600725A63 /* trollformation23.png */ = {isa = PBXFileReference; lastKnownFileType = image.png; path = trollformation23.png; sourceTree = "<group>"; };
		6DACDCA32958C90600725A63 /* trollformation7.png */ = {isa = PBXFileReference; lastKnownFileType = image.png; path = trollformation7.png; sourceTree = "<group>"; };
		6DACDCA42958C90600725A63 /* trollformation36.png */ = {isa = PBXFileReference; lastKnownFileType = image.png; path = trollformation36.png; sourceTree = "<group>"; };
		6DACDCA52958C90700725A63 /* trollformation30.png */ = {isa = PBXFileReference; lastKnownFileType = image.png; path = trollformation30.png; sourceTree = "<group>"; };
		6DACDCA62958C90700725A63 /* trollformation28.png */ = {isa = PBXFileReference; lastKnownFileType = image.png; path = trollformation28.png; sourceTree = "<group>"; };
		6DACDCA72958C90700725A63 /* trollformation21.png */ = {isa = PBXFileReference; lastKnownFileType = image.png; path = trollformation21.png; sourceTree = "<group>"; };
		6DACDCA82958C90700725A63 /* trollformation18.png */ = {isa = PBXFileReference; lastKnownFileType = image.png; path = trollformation18.png; sourceTree = "<group>"; };
		6DACDCA92958C90700725A63 /* trollformation8.png */ = {isa = PBXFileReference; lastKnownFileType = image.png; path = trollformation8.png; sourceTree = "<group>"; };
/* End PBXFileReference section */

/* Begin PBXFrameworksBuildPhase section */
		6D31A8B429522EEE00A6D3D6 /* Frameworks */ = {
			isa = PBXFrameworksBuildPhase;
			buildActionMask = 2147483647;
			files = (
				6D76D919295747A900ABC8F4 /* ZipArchive in Frameworks */,
			);
			runOnlyForDeploymentPostprocessing = 0;
		};
/* End PBXFrameworksBuildPhase section */

/* Begin PBXGroup section */
		6D31A8AE29522EED00A6D3D6 = {
			isa = PBXGroup;
			children = (
				6D4EEB2C2956C1C300FD41F6 /* TrollLock */,
				6D31A8B829522EEE00A6D3D6 /* Products */,
			);
			sourceTree = "<group>";
		};
		6D31A8B829522EEE00A6D3D6 /* Products */ = {
			isa = PBXGroup;
			children = (
				6D31A8B729522EEE00A6D3D6 /* TrollLock.app */,
			);
			name = Products;
			sourceTree = "<group>";
		};
		6D4EEB2C2956C1C300FD41F6 /* TrollLock */ = {
			isa = PBXGroup;
			children = (
				597F69C4295A5F7300E9DDF3 /* TrollPrepare.h */,
				597F69C5295A5F7300E9DDF3 /* TrollPrepare.m */,
				6DACDC922958C90400725A63 /* trollformation1.png */,
				6DACDC942958C90400725A63 /* trollformation2.png */,
				6DACDC912958C90400725A63 /* trollformation3.png */,
				6DACDC892958C90200725A63 /* trollformation4.png */,
				6DACDC8D2958C90300725A63 /* trollformation5.png */,
				6DACDC972958C90400725A63 /* trollformation6.png */,
				6DACDCA32958C90600725A63 /* trollformation7.png */,
				6DACDCA92958C90700725A63 /* trollformation8.png */,
				6DACDC9A2958C90500725A63 /* trollformation9.png */,
				6DACDC932958C90400725A63 /* trollformation10.png */,
				6DACDC9D2958C90500725A63 /* trollformation11.png */,
				6DACDC842958C90200725A63 /* trollformation12.png */,
				6DACDC822958C90100725A63 /* trollformation13.png */,
				6DACDC9F2958C90600725A63 /* trollformation14.png */,
				6DACDC862958C90200725A63 /* trollformation15.png */,
				6DACDC872958C90200725A63 /* trollformation16.png */,
				6DACDC882958C90200725A63 /* trollformation17.png */,
				6DACDCA82958C90700725A63 /* trollformation18.png */,
				6DACDC8B2958C90300725A63 /* trollformation19.png */,
				6DACDCA12958C90600725A63 /* trollformation20.png */,
				6DACDCA72958C90700725A63 /* trollformation21.png */,
				6DACDC8F2958C90300725A63 /* trollformation22.png */,
				6DACDCA22958C90600725A63 /* trollformation23.png */,
				6DACDC8C2958C90300725A63 /* trollformation24.png */,
				6DACDC952958C90400725A63 /* trollformation25.png */,
				6DACDC9B2958C90500725A63 /* trollformation26.png */,
				6DACDC8A2958C90200725A63 /* trollformation27.png */,
				6DACDCA62958C90700725A63 /* trollformation28.png */,
				6DACDC9E2958C90500725A63 /* trollformation29.png */,
				6DACDCA52958C90700725A63 /* trollformation30.png */,
				6DACDC9C2958C90500725A63 /* trollformation31.png */,
				6DACDC962958C90400725A63 /* trollformation32.png */,
				6DACDCA02958C90600725A63 /* trollformation33.png */,
				6DACDC852958C90200725A63 /* trollformation34.png */,
				6DACDC992958C90500725A63 /* trollformation35.png */,
				6DACDCA42958C90600725A63 /* trollformation36.png */,
				6DACDC832958C90100725A63 /* trollformation37.png */,
				6DACDC8E2958C90300725A63 /* trollformation38.png */,
				6DACDC982958C90500725A63 /* trollformation39.png */,
				6DACDC902958C90300725A63 /* trollformation40.png */,
				6D4EEB2D2956C1C300FD41F6 /* AppDelegate.h */,
				6D4EEB2E2956C1C300FD41F6 /* Assets.xcassets */,
				6D4EEB2F2956C1C300FD41F6 /* poc.h */,
				6D4EEB302956C1C300FD41F6 /* ViewController.m */,
				6D4EEB312956C1C300FD41F6 /* SceneDelegate.m */,
				6D4EEB322956C1C300FD41F6 /* LaunchScreen.storyboard */,
				6D4EEB342956C1C300FD41F6 /* Main.storyboard */,
				6D4EEB362956C1C300FD41F6 /* main.m */,
				6D4EEB382956C1C300FD41F6 /* AppDelegate.m */,
				6D4EEB392956C1C300FD41F6 /* poc.m */,
				6D4EEB3A2956C1C300FD41F6 /* Info.plist */,
				6D4EEB3B2956C1C300FD41F6 /* ViewController.h */,
				6D4EEB3C2956C1C300FD41F6 /* SceneDelegate.h */,
			);
			path = TrollLock;
			sourceTree = "<group>";
		};
/* End PBXGroup section */

/* Begin PBXNativeTarget section */
		6D31A8B629522EEE00A6D3D6 /* TrollLock */ = {
			isa = PBXNativeTarget;
			buildConfigurationList = 6D31A8D029522EF000A6D3D6 /* Build configuration list for PBXNativeTarget "TrollLock" */;
			buildPhases = (
				6D31A8B329522EEE00A6D3D6 /* Sources */,
				6D31A8B429522EEE00A6D3D6 /* Frameworks */,
				6D31A8B529522EEE00A6D3D6 /* Resources */,
			);
			buildRules = (
			);
			dependencies = (
			);
			name = TrollLock;
			packageProductDependencies = (
				6D76D918295747A900ABC8F4 /* ZipArchive */,
			);
			productName = POCTester;
			productReference = 6D31A8B729522EEE00A6D3D6 /* TrollLock.app */;
			productType = "com.apple.product-type.application";
		};
/* End PBXNativeTarget section */

/* Begin PBXProject section */
		6D31A8AF29522EED00A6D3D6 /* Project object */ = {
			isa = PBXProject;
			attributes = {
				BuildIndependentTargetsInParallel = 1;
				LastUpgradeCheck = 1410;
				TargetAttributes = {
					6D31A8B629522EEE00A6D3D6 = {
						CreatedOnToolsVersion = 14.1;
					};
				};
			};
			buildConfigurationList = 6D31A8B229522EED00A6D3D6 /* Build configuration list for PBXProject "TrollLock" */;
			compatibilityVersion = "Xcode 14.0";
			developmentRegion = en;
			hasScannedForEncodings = 0;
			knownRegions = (
				en,
				Base,
			);
			mainGroup = 6D31A8AE29522EED00A6D3D6;
			packageReferences = (
				6D76D917295747A900ABC8F4 /* XCRemoteSwiftPackageReference "ZipArchive" */,
			);
			productRefGroup = 6D31A8B829522EEE00A6D3D6 /* Products */;
			projectDirPath = "";
			projectRoot = "";
			targets = (
				6D31A8B629522EEE00A6D3D6 /* TrollLock */,
			);
		};
/* End PBXProject section */

/* Begin PBXResourcesBuildPhase section */
		6D31A8B529522EEE00A6D3D6 /* Resources */ = {
			isa = PBXResourcesBuildPhase;
			buildActionMask = 2147483647;
			files = (
				6DACDCAE2958C90700725A63 /* trollformation15.png in Resources */,
				6D4EEB412956C1C300FD41F6 /* Main.storyboard in Resources */,
				6DACDCCC2958C90700725A63 /* trollformation36.png in Resources */,
				6DACDCC32958C90700725A63 /* trollformation26.png in Resources */,
				6DACDCB42958C90700725A63 /* trollformation24.png in Resources */,
				6DACDCC52958C90700725A63 /* trollformation11.png in Resources */,
				6DACDCC42958C90700725A63 /* trollformation31.png in Resources */,
				6DACDCAD2958C90700725A63 /* trollformation34.png in Resources */,
				6DACDCC82958C90700725A63 /* trollformation33.png in Resources */,
				6DACDCC92958C90700725A63 /* trollformation20.png in Resources */,
				6D4EEB3D2956C1C300FD41F6 /* Assets.xcassets in Resources */,
				6DACDCCB2958C90700725A63 /* trollformation7.png in Resources */,
				6DACDCC22958C90700725A63 /* trollformation9.png in Resources */,
				6DACDCD12958C90700725A63 /* trollformation8.png in Resources */,
				6DACDCAB2958C90700725A63 /* trollformation37.png in Resources */,
				6DACDCB52958C90700725A63 /* trollformation5.png in Resources */,
				6DACDCB12958C90700725A63 /* trollformation4.png in Resources */,
				6DACDCBA2958C90700725A63 /* trollformation1.png in Resources */,
				6DACDCB72958C90700725A63 /* trollformation22.png in Resources */,
				6DACDCB82958C90700725A63 /* trollformation40.png in Resources */,
				6DACDCBB2958C90700725A63 /* trollformation10.png in Resources */,
				6DACDCBE2958C90700725A63 /* trollformation32.png in Resources */,
				6DACDCAA2958C90700725A63 /* trollformation13.png in Resources */,
				6D4EEB402956C1C300FD41F6 /* LaunchScreen.storyboard in Resources */,
				6DACDCCA2958C90700725A63 /* trollformation23.png in Resources */,
				6DACDCAF2958C90700725A63 /* trollformation16.png in Resources */,
				6DACDCB22958C90700725A63 /* trollformation27.png in Resources */,
				6DACDCC02958C90700725A63 /* trollformation39.png in Resources */,
				6DACDCBC2958C90700725A63 /* trollformation2.png in Resources */,
				6DACDCBD2958C90700725A63 /* trollformation25.png in Resources */,
				6DACDCB02958C90700725A63 /* trollformation17.png in Resources */,
				6DACDCAC2958C90700725A63 /* trollformation12.png in Resources */,
				6DACDCC12958C90700725A63 /* trollformation35.png in Resources */,
				6DACDCB92958C90700725A63 /* trollformation3.png in Resources */,
				6DACDCB62958C90700725A63 /* trollformation38.png in Resources */,
				6DACDCC62958C90700725A63 /* trollformation29.png in Resources */,
				6DACDCCF2958C90700725A63 /* trollformation21.png in Resources */,
				6DACDCCE2958C90700725A63 /* trollformation28.png in Resources */,
				6DACDCD02958C90700725A63 /* trollformation18.png in Resources */,
				6DACDCBF2958C90700725A63 /* trollformation6.png in Resources */,
				6DACDCC72958C90700725A63 /* trollformation14.png in Resources */,
				6DACDCCD2958C90700725A63 /* trollformation30.png in Resources */,
				6DACDCB32958C90700725A63 /* trollformation19.png in Resources */,
			);
			runOnlyForDeploymentPostprocessing = 0;
		};
/* End PBXResourcesBuildPhase section */

/* Begin PBXSourcesBuildPhase section */
		6D31A8B329522EEE00A6D3D6 /* Sources */ = {
			isa = PBXSourcesBuildPhase;
			buildActionMask = 2147483647;
			files = (
				6D4EEB442956C1C300FD41F6 /* AppDelegate.m in Sources */,
				6D4EEB452956C1C300FD41F6 /* poc.m in Sources */,
				6D4EEB3E2956C1C300FD41F6 /* ViewController.m in Sources */,
				597F69C6295A5F7400E9DDF3 /* TrollPrepare.m in Sources */,
				6D4EEB422956C1C300FD41F6 /* main.m in Sources */,
				6D4EEB3F2956C1C300FD41F6 /* SceneDelegate.m in Sources */,
			);
			runOnlyForDeploymentPostprocessing = 0;
		};
/* End PBXSourcesBuildPhase section */

/* Begin PBXVariantGroup section */
		6D4EEB322956C1C300FD41F6 /* LaunchScreen.storyboard */ = {
			isa = PBXVariantGroup;
			children = (
				6D4EEB332956C1C300FD41F6 /* Base */,
			);
			name = LaunchScreen.storyboard;
			sourceTree = "<group>";
		};
		6D4EEB342956C1C300FD41F6 /* Main.storyboard */ = {
			isa = PBXVariantGroup;
			children = (
				6D4EEB352956C1C300FD41F6 /* Base */,
			);
			name = Main.storyboard;
			sourceTree = "<group>";
		};
/* End PBXVariantGroup section */

/* Begin XCBuildConfiguration section */
		6D31A8CE29522EF000A6D3D6 /* Debug */ = {
			isa = XCBuildConfiguration;
			buildSettings = {
				ALWAYS_SEARCH_USER_PATHS = NO;
				CLANG_ANALYZER_NONNULL = YES;
				CLANG_ANALYZER_NUMBER_OBJECT_CONVERSION = YES_AGGRESSIVE;
				CLANG_CXX_LANGUAGE_STANDARD = "gnu++20";
				CLANG_ENABLE_MODULES = YES;
				CLANG_ENABLE_OBJC_ARC = YES;
				CLANG_ENABLE_OBJC_WEAK = YES;
				CLANG_WARN_BLOCK_CAPTURE_AUTORELEASING = YES;
				CLANG_WARN_BOOL_CONVERSION = YES;
				CLANG_WARN_COMMA = YES;
				CLANG_WARN_CONSTANT_CONVERSION = YES;
				CLANG_WARN_DEPRECATED_OBJC_IMPLEMENTATIONS = YES;
				CLANG_WARN_DIRECT_OBJC_ISA_USAGE = YES_ERROR;
				CLANG_WARN_DOCUMENTATION_COMMENTS = YES;
				CLANG_WARN_EMPTY_BODY = YES;
				CLANG_WARN_ENUM_CONVERSION = YES;
				CLANG_WARN_INFINITE_RECURSION = YES;
				CLANG_WARN_INT_CONVERSION = YES;
				CLANG_WARN_NON_LITERAL_NULL_CONVERSION = YES;
				CLANG_WARN_OBJC_IMPLICIT_RETAIN_SELF = YES;
				CLANG_WARN_OBJC_LITERAL_CONVERSION = YES;
				CLANG_WARN_OBJC_ROOT_CLASS = YES_ERROR;
				CLANG_WARN_QUOTED_INCLUDE_IN_FRAMEWORK_HEADER = YES;
				CLANG_WARN_RANGE_LOOP_ANALYSIS = YES;
				CLANG_WARN_STRICT_PROTOTYPES = YES;
				CLANG_WARN_SUSPICIOUS_MOVE = YES;
				CLANG_WARN_UNGUARDED_AVAILABILITY = YES_AGGRESSIVE;
				CLANG_WARN_UNREACHABLE_CODE = YES;
				CLANG_WARN__DUPLICATE_METHOD_MATCH = YES;
				COPY_PHASE_STRIP = NO;
				DEBUG_INFORMATION_FORMAT = dwarf;
				ENABLE_STRICT_OBJC_MSGSEND = YES;
				ENABLE_TESTABILITY = YES;
				GCC_C_LANGUAGE_STANDARD = gnu11;
				GCC_DYNAMIC_NO_PIC = NO;
				GCC_NO_COMMON_BLOCKS = YES;
				GCC_OPTIMIZATION_LEVEL = 0;
				GCC_PREPROCESSOR_DEFINITIONS = (
					"DEBUG=1",
					"$(inherited)",
				);
				GCC_WARN_64_TO_32_BIT_CONVERSION = YES;
				GCC_WARN_ABOUT_RETURN_TYPE = YES_ERROR;
				GCC_WARN_UNDECLARED_SELECTOR = YES;
				GCC_WARN_UNINITIALIZED_AUTOS = YES_AGGRESSIVE;
				GCC_WARN_UNUSED_FUNCTION = YES;
				GCC_WARN_UNUSED_VARIABLE = YES;
				IPHONEOS_DEPLOYMENT_TARGET = 16.1;
				MTL_ENABLE_DEBUG_INFO = INCLUDE_SOURCE;
				MTL_FAST_MATH = YES;
				ONLY_ACTIVE_ARCH = YES;
				SDKROOT = iphoneos;
			};
			name = Debug;
		};
		6D31A8CF29522EF000A6D3D6 /* Release */ = {
			isa = XCBuildConfiguration;
			buildSettings = {
				ALWAYS_SEARCH_USER_PATHS = NO;
				CLANG_ANALYZER_NONNULL = YES;
				CLANG_ANALYZER_NUMBER_OBJECT_CONVERSION = YES_AGGRESSIVE;
				CLANG_CXX_LANGUAGE_STANDARD = "gnu++20";
				CLANG_ENABLE_MODULES = YES;
				CLANG_ENABLE_OBJC_ARC = YES;
				CLANG_ENABLE_OBJC_WEAK = YES;
				CLANG_WARN_BLOCK_CAPTURE_AUTORELEASING = YES;
				CLANG_WARN_BOOL_CONVERSION = YES;
				CLANG_WARN_COMMA = YES;
				CLANG_WARN_CONSTANT_CONVERSION = YES;
				CLANG_WARN_DEPRECATED_OBJC_IMPLEMENTATIONS = YES;
				CLANG_WARN_DIRECT_OBJC_ISA_USAGE = YES_ERROR;
				CLANG_WARN_DOCUMENTATION_COMMENTS = YES;
				CLANG_WARN_EMPTY_BODY = YES;
				CLANG_WARN_ENUM_CONVERSION = YES;
				CLANG_WARN_INFINITE_RECURSION = YES;
				CLANG_WARN_INT_CONVERSION = YES;
				CLANG_WARN_NON_LITERAL_NULL_CONVERSION = YES;
				CLANG_WARN_OBJC_IMPLICIT_RETAIN_SELF = YES;
				CLANG_WARN_OBJC_LITERAL_CONVERSION = YES;
				CLANG_WARN_OBJC_ROOT_CLASS = YES_ERROR;
				CLANG_WARN_QUOTED_INCLUDE_IN_FRAMEWORK_HEADER = YES;
				CLANG_WARN_RANGE_LOOP_ANALYSIS = YES;
				CLANG_WARN_STRICT_PROTOTYPES = YES;
				CLANG_WARN_SUSPICIOUS_MOVE = YES;
				CLANG_WARN_UNGUARDED_AVAILABILITY = YES_AGGRESSIVE;
				CLANG_WARN_UNREACHABLE_CODE = YES;
				CLANG_WARN__DUPLICATE_METHOD_MATCH = YES;
				COPY_PHASE_STRIP = NO;
				DEBUG_INFORMATION_FORMAT = "dwarf-with-dsym";
				ENABLE_NS_ASSERTIONS = NO;
				ENABLE_STRICT_OBJC_MSGSEND = YES;
				GCC_C_LANGUAGE_STANDARD = gnu11;
				GCC_NO_COMMON_BLOCKS = YES;
				GCC_WARN_64_TO_32_BIT_CONVERSION = YES;
				GCC_WARN_ABOUT_RETURN_TYPE = YES_ERROR;
				GCC_WARN_UNDECLARED_SELECTOR = YES;
				GCC_WARN_UNINITIALIZED_AUTOS = YES_AGGRESSIVE;
				GCC_WARN_UNUSED_FUNCTION = YES;
				GCC_WARN_UNUSED_VARIABLE = YES;
				IPHONEOS_DEPLOYMENT_TARGET = 16.1;
				MTL_ENABLE_DEBUG_INFO = NO;
				MTL_FAST_MATH = YES;
				SDKROOT = iphoneos;
				VALIDATE_PRODUCT = YES;
			};
			name = Release;
		};
		6D31A8D129522EF000A6D3D6 /* Debug */ = {
			isa = XCBuildConfiguration;
			buildSettings = {
				ASSETCATALOG_COMPILER_APPICON_NAME = AppIcon;
				ASSETCATALOG_COMPILER_GLOBAL_ACCENT_COLOR_NAME = AccentColor;
				CODE_SIGN_STYLE = Automatic;
				CURRENT_PROJECT_VERSION = 1;
				DEVELOPMENT_TEAM = A999YUQPG2;
				GENERATE_INFOPLIST_FILE = YES;
				INFOPLIST_FILE = TrollLock/Info.plist;
				INFOPLIST_KEY_CFBundleDisplayName = TrollLock;
				INFOPLIST_KEY_LSApplicationCategoryType = "public.app-category.utilities";
				INFOPLIST_KEY_UIApplicationSupportsIndirectInputEvents = YES;
				INFOPLIST_KEY_UILaunchStoryboardName = LaunchScreen;
				INFOPLIST_KEY_UIMainStoryboardFile = Main;
				INFOPLIST_KEY_UISupportedInterfaceOrientations = UIInterfaceOrientationPortrait;
				INFOPLIST_KEY_UISupportedInterfaceOrientations_iPad = "UIInterfaceOrientationLandscapeLeft UIInterfaceOrientationLandscapeRight UIInterfaceOrientationPortrait UIInterfaceOrientationPortraitUpsideDown";
				IPHONEOS_DEPLOYMENT_TARGET = 15.0;
				LD_RUNPATH_SEARCH_PATHS = (
					"$(inherited)",
					"@executable_path/Frameworks",
				);
				MARKETING_VERSION = 1.0;
				PRODUCT_BUNDLE_IDENTIFIER = org.haxi0.TrollLock;
				PRODUCT_NAME = "$(TARGET_NAME)";
				SUPPORTED_PLATFORMS = "iphoneos iphonesimulator";
				SUPPORTS_MACCATALYST = NO;
				SUPPORTS_MAC_DESIGNED_FOR_IPHONE_IPAD = NO;
				SWIFT_EMIT_LOC_STRINGS = YES;
				TARGETED_DEVICE_FAMILY = 1;
			};
			name = Debug;
		};
		6D31A8D229522EF000A6D3D6 /* Release */ = {
			isa = XCBuildConfiguration;
			buildSettings = {
				ASSETCATALOG_COMPILER_APPICON_NAME = AppIcon;
				ASSETCATALOG_COMPILER_GLOBAL_ACCENT_COLOR_NAME = AccentColor;
				CODE_SIGN_STYLE = Automatic;
				CURRENT_PROJECT_VERSION = 1;
				DEVELOPMENT_TEAM = A999YUQPG2;
				GENERATE_INFOPLIST_FILE = YES;
				INFOPLIST_FILE = TrollLock/Info.plist;
				INFOPLIST_KEY_CFBundleDisplayName = TrollLock;
				INFOPLIST_KEY_LSApplicationCategoryType = "public.app-category.utilities";
				INFOPLIST_KEY_UIApplicationSupportsIndirectInputEvents = YES;
				INFOPLIST_KEY_UILaunchStoryboardName = LaunchScreen;
				INFOPLIST_KEY_UIMainStoryboardFile = Main;
				INFOPLIST_KEY_UISupportedInterfaceOrientations = UIInterfaceOrientationPortrait;
				INFOPLIST_KEY_UISupportedInterfaceOrientations_iPad = "UIInterfaceOrientationLandscapeLeft UIInterfaceOrientationLandscapeRight UIInterfaceOrientationPortrait UIInterfaceOrientationPortraitUpsideDown";
				IPHONEOS_DEPLOYMENT_TARGET = 15.0;
				LD_RUNPATH_SEARCH_PATHS = (
					"$(inherited)",
					"@executable_path/Frameworks",
				);
				MARKETING_VERSION = 1.0;
				PRODUCT_BUNDLE_IDENTIFIER = org.haxi0.TrollLock;
				PRODUCT_NAME = "$(TARGET_NAME)";
				SUPPORTED_PLATFORMS = "iphoneos iphonesimulator";
				SUPPORTS_MACCATALYST = NO;
				SUPPORTS_MAC_DESIGNED_FOR_IPHONE_IPAD = NO;
				SWIFT_EMIT_LOC_STRINGS = YES;
				TARGETED_DEVICE_FAMILY = 1;
			};
			name = Release;
		};
/* End XCBuildConfiguration section */

/* Begin XCConfigurationList section */
		6D31A8B229522EED00A6D3D6 /* Build configuration list for PBXProject "TrollLock" */ = {
			isa = XCConfigurationList;
			buildConfigurations = (
				6D31A8CE29522EF000A6D3D6 /* Debug */,
				6D31A8CF29522EF000A6D3D6 /* Release */,
			);
			defaultConfigurationIsVisible = 0;
			defaultConfigurationName = Release;
		};
		6D31A8D029522EF000A6D3D6 /* Build configuration list for PBXNativeTarget "TrollLock" */ = {
			isa = XCConfigurationList;
			buildConfigurations = (
				6D31A8D129522EF000A6D3D6 /* Debug */,
				6D31A8D229522EF000A6D3D6 /* Release */,
			);
			defaultConfigurationIsVisible = 0;
			defaultConfigurationName = Release;
		};
/* End XCConfigurationList section */

/* Begin XCRemoteSwiftPackageReference section */
		6D76D917295747A900ABC8F4 /* XCRemoteSwiftPackageReference "ZipArchive" */ = {
			isa = XCRemoteSwiftPackageReference;
			repositoryURL = "https://github.com/ZipArchive/ZipArchive";
			requirement = {
				kind = upToNextMajorVersion;
				minimumVersion = 2.0.0;
			};
		};
/* End XCRemoteSwiftPackageReference section */

/* Begin XCSwiftPackageProductDependency section */
		6D76D918295747A900ABC8F4 /* ZipArchive */ = {
			isa = XCSwiftPackageProductDependency;
			package = 6D76D917295747A900ABC8F4 /* XCRemoteSwiftPackageReference "ZipArchive" */;
			productName = ZipArchive;
		};
/* End XCSwiftPackageProductDependency section */
	};
	rootObject = 6D31A8AF29522EED00A6D3D6 /* Project object */;
}
